
Microsoft Visual Studio Solution File, Format Version 12.00
# Visual Studio Version 17
VisualStudioVersion = 17.3.32901.215
MinimumVisualStudioVersion = 10.0.40219.1
Project("{FAE04EC0-301F-11D3-BF4B-00C04F79EFBC}") = "db_mssql", "db_mssql\db_mssql.csproj", "{9A7B06B4-8351-4ECC-B74F-A97C18F1627E}"
EndProject
Global
	GlobalSection(SolutionConfigurationPlatforms) = preSolution
		Debug|Any CPU = Debug|Any CPU
		Release|Any CPU = Release|Any CPU
	EndGlobalSection
	GlobalSection(ProjectConfigurationPlatforms) = postSolution
		{9A7B06B4-8351-4ECC-B74F-A97C18F1627E}.Debug|Any CPU.ActiveCfg = Debug|Any CPU
		{9A7B06B4-8351-4ECC-B74F-A97C18F1627E}.Debug|Any CPU.Build.0 = Debug|Any CPU
		{9A7B06B4-8351-4ECC-B74F-A97C18F1627E}.Release|Any CPU.ActiveCfg = Release|Any CPU
		{9A7B06B4-8351-4ECC-B74F-A97C18F1627E}.Release|Any CPU.Build.0 = Release|Any CPU
	EndGlobalSection
	GlobalSection(SolutionProperties) = preSolution
		HideSolutionNode = FALSE
	EndGlobalSection
	GlobalSection(ExtensibilityGlobals) = postSolution
		SolutionGuid = {D2AD4E65-7C7F-423D-8E39-A5FBBEED3701}
	EndGlobalSection
EndGlobal
